
Microsoft Visual Studio Solution File, Format Version 12.00
# Visual Studio 2013
VisualStudioVersion = 12.0.21005.1
MinimumVisualStudioVersion = 10.0.40219.1
Project("{FAE04EC0-301F-11D3-BF4B-00C04F79EFBC}") = "GrandeCapolavoro", "GrandeCapolavoro\GrandeCapolavoro.csproj", "{F96618D1-4B74-4315-ABF0-EB7CFB31B982}"
EndProject
Project("{2150E333-8FDC-42A3-9474-1A3956D46DE8}") = "Model", "Model", "{4768955F-394D-42AC-8501-C3A2E66A14D8}"
EndProject
Project("{FAE04EC0-301F-11D3-BF4B-00C04F79EFBC}") = "Model.Student", "ModelStudent\Model.Student.csproj", "{88D85985-972C-4634-9BF0-09EAF1F3798F}"
EndProject
Project("{2150E333-8FDC-42A3-9474-1A3956D46DE8}") = "Repositories", "Repositories", "{8B34F926-57ED-44F7-AA81-6E89C48BD769}"
EndProject
Project("{FAE04EC0-301F-11D3-BF4B-00C04F79EFBC}") = "Repositories.Student", "Repositories.Student\Repositories.Student.csproj", "{E8E76AF1-B537-4FF8-9870-CA09BCE7CB67}"
EndProject
Project("{FAE04EC0-301F-11D3-BF4B-00C04F79EFBC}") = "Model.Facultate", "Model.Facultate\Model.Facultate.csproj", "{BDAB700F-E6AC-48E7-A16C-9225893680A3}"
EndProject
Project("{FAE04EC0-301F-11D3-BF4B-00C04F79EFBC}") = "Repositories.Facultate", "Repositories.Facultate\Repositories.Facultate.csproj", "{E2FAFB03-47D5-4084-AB3A-537766579FE1}"
EndProject
Project("{FAE04EC0-301F-11D3-BF4B-00C04F79EFBC}") = "Model.Disciplina", "Model.Disciplina\Model.Disciplina.csproj", "{D2E04914-CEDF-4CD9-A497-DAC8D29A1458}"
EndProject
Project("{FAE04EC0-301F-11D3-BF4B-00C04F79EFBC}") = "Model.Generic", "Model.Generic\Model.Generic.csproj", "{114E356C-9EEE-4977-A2EA-95925372F719}"
EndProject
Project("{FAE04EC0-301F-11D3-BF4B-00C04F79EFBC}") = "Repositories.Disciplina", "Repositories.Disciplina\Repositories.Disciplina.csproj", "{0EF6405B-9252-414B-AA3C-221AF565195C}"
EndProject
Project("{FAE04EC0-301F-11D3-BF4B-00C04F79EFBC}") = "Model.Universitate", "Model.Universitate\Model.Universitate.csproj", "{BEBA16DC-DB54-41DA-A9CC-D5AB6CB5171B}"
EndProject
Project("{FAE04EC0-301F-11D3-BF4B-00C04F79EFBC}") = "Repositories.Universitate", "Repositories.Universitate\Repositories.Universitate.csproj", "{883B753E-0163-4664-9F3F-C3ECA1A7AFF3}"
EndProject
Global
	GlobalSection(SolutionConfigurationPlatforms) = preSolution
		Debug|Any CPU = Debug|Any CPU
		Release|Any CPU = Release|Any CPU
	EndGlobalSection
	GlobalSection(ProjectConfigurationPlatforms) = postSolution
		{F96618D1-4B74-4315-ABF0-EB7CFB31B982}.Debug|Any CPU.ActiveCfg = Debug|Any CPU
		{F96618D1-4B74-4315-ABF0-EB7CFB31B982}.Debug|Any CPU.Build.0 = Debug|Any CPU
		{F96618D1-4B74-4315-ABF0-EB7CFB31B982}.Release|Any CPU.ActiveCfg = Release|Any CPU
		{F96618D1-4B74-4315-ABF0-EB7CFB31B982}.Release|Any CPU.Build.0 = Release|Any CPU
		{88D85985-972C-4634-9BF0-09EAF1F3798F}.Debug|Any CPU.ActiveCfg = Debug|Any CPU
		{88D85985-972C-4634-9BF0-09EAF1F3798F}.Debug|Any CPU.Build.0 = Debug|Any CPU
		{88D85985-972C-4634-9BF0-09EAF1F3798F}.Release|Any CPU.ActiveCfg = Release|Any CPU
		{88D85985-972C-4634-9BF0-09EAF1F3798F}.Release|Any CPU.Build.0 = Release|Any CPU
		{E8E76AF1-B537-4FF8-9870-CA09BCE7CB67}.Debug|Any CPU.ActiveCfg = Debug|Any CPU
		{E8E76AF1-B537-4FF8-9870-CA09BCE7CB67}.Debug|Any CPU.Build.0 = Debug|Any CPU
		{E8E76AF1-B537-4FF8-9870-CA09BCE7CB67}.Release|Any CPU.ActiveCfg = Release|Any CPU
		{E8E76AF1-B537-4FF8-9870-CA09BCE7CB67}.Release|Any CPU.Build.0 = Release|Any CPU
		{BDAB700F-E6AC-48E7-A16C-9225893680A3}.Debug|Any CPU.ActiveCfg = Debug|Any CPU
		{BDAB700F-E6AC-48E7-A16C-9225893680A3}.Debug|Any CPU.Build.0 = Debug|Any CPU
		{BDAB700F-E6AC-48E7-A16C-9225893680A3}.Release|Any CPU.ActiveCfg = Release|Any CPU
		{BDAB700F-E6AC-48E7-A16C-9225893680A3}.Release|Any CPU.Build.0 = Release|Any CPU
		{E2FAFB03-47D5-4084-AB3A-537766579FE1}.Debug|Any CPU.ActiveCfg = Debug|Any CPU
		{E2FAFB03-47D5-4084-AB3A-537766579FE1}.Debug|Any CPU.Build.0 = Debug|Any CPU
		{E2FAFB03-47D5-4084-AB3A-537766579FE1}.Release|Any CPU.ActiveCfg = Release|Any CPU
		{E2FAFB03-47D5-4084-AB3A-537766579FE1}.Release|Any CPU.Build.0 = Release|Any CPU
		{D2E04914-CEDF-4CD9-A497-DAC8D29A1458}.Debug|Any CPU.ActiveCfg = Debug|Any CPU
		{D2E04914-CEDF-4CD9-A497-DAC8D29A1458}.Debug|Any CPU.Build.0 = Debug|Any CPU
		{D2E04914-CEDF-4CD9-A497-DAC8D29A1458}.Release|Any CPU.ActiveCfg = Release|Any CPU
		{D2E04914-CEDF-4CD9-A497-DAC8D29A1458}.Release|Any CPU.Build.0 = Release|Any CPU
		{114E356C-9EEE-4977-A2EA-95925372F719}.Debug|Any CPU.ActiveCfg = Debug|Any CPU
		{114E356C-9EEE-4977-A2EA-95925372F719}.Debug|Any CPU.Build.0 = Debug|Any CPU
		{114E356C-9EEE-4977-A2EA-95925372F719}.Release|Any CPU.ActiveCfg = Release|Any CPU
		{114E356C-9EEE-4977-A2EA-95925372F719}.Release|Any CPU.Build.0 = Release|Any CPU
		{0EF6405B-9252-414B-AA3C-221AF565195C}.Debug|Any CPU.ActiveCfg = Debug|Any CPU
		{0EF6405B-9252-414B-AA3C-221AF565195C}.Debug|Any CPU.Build.0 = Debug|Any CPU
		{0EF6405B-9252-414B-AA3C-221AF565195C}.Release|Any CPU.ActiveCfg = Release|Any CPU
		{0EF6405B-9252-414B-AA3C-221AF565195C}.Release|Any CPU.Build.0 = Release|Any CPU
		{BEBA16DC-DB54-41DA-A9CC-D5AB6CB5171B}.Debug|Any CPU.ActiveCfg = Debug|Any CPU
		{BEBA16DC-DB54-41DA-A9CC-D5AB6CB5171B}.Debug|Any CPU.Build.0 = Debug|Any CPU
		{BEBA16DC-DB54-41DA-A9CC-D5AB6CB5171B}.Release|Any CPU.ActiveCfg = Release|Any CPU
		{BEBA16DC-DB54-41DA-A9CC-D5AB6CB5171B}.Release|Any CPU.Build.0 = Release|Any CPU
		{883B753E-0163-4664-9F3F-C3ECA1A7AFF3}.Debug|Any CPU.ActiveCfg = Debug|Any CPU
		{883B753E-0163-4664-9F3F-C3ECA1A7AFF3}.Debug|Any CPU.Build.0 = Debug|Any CPU
		{883B753E-0163-4664-9F3F-C3ECA1A7AFF3}.Release|Any CPU.ActiveCfg = Release|Any CPU
		{883B753E-0163-4664-9F3F-C3ECA1A7AFF3}.Release|Any CPU.Build.0 = Release|Any CPU
	EndGlobalSection
	GlobalSection(SolutionProperties) = preSolution
		HideSolutionNode = FALSE
	EndGlobalSection
	GlobalSection(NestedProjects) = preSolution
		{88D85985-972C-4634-9BF0-09EAF1F3798F} = {4768955F-394D-42AC-8501-C3A2E66A14D8}
		{BDAB700F-E6AC-48E7-A16C-9225893680A3} = {4768955F-394D-42AC-8501-C3A2E66A14D8}
		{D2E04914-CEDF-4CD9-A497-DAC8D29A1458} = {4768955F-394D-42AC-8501-C3A2E66A14D8}
		{114E356C-9EEE-4977-A2EA-95925372F719} = {4768955F-394D-42AC-8501-C3A2E66A14D8}
		{BEBA16DC-DB54-41DA-A9CC-D5AB6CB5171B} = {4768955F-394D-42AC-8501-C3A2E66A14D8}
		{E8E76AF1-B537-4FF8-9870-CA09BCE7CB67} = {8B34F926-57ED-44F7-AA81-6E89C48BD769}
		{E2FAFB03-47D5-4084-AB3A-537766579FE1} = {8B34F926-57ED-44F7-AA81-6E89C48BD769}
		{0EF6405B-9252-414B-AA3C-221AF565195C} = {8B34F926-57ED-44F7-AA81-6E89C48BD769}
		{883B753E-0163-4664-9F3F-C3ECA1A7AFF3} = {8B34F926-57ED-44F7-AA81-6E89C48BD769}
	EndGlobalSection
EndGlobal
